
Microsoft Visual Studio Solution File, Format Version 12.00
# Visual Studio Version 17
VisualStudioVersion = 17.10.34607.79
MinimumVisualStudioVersion = 10.0.40219.1
Project("{FAE04EC0-301F-11D3-BF4B-00C04F79EFBC}") = "ChartTestApi", "ChartTestApi\ChartTestApi.csproj", "{B462F935-32E1-499C-9814-FC87744CE390}"
EndProject
Global
	GlobalSection(SolutionConfigurationPlatforms) = preSolution
		Debug|Any CPU = Debug|Any CPU
		Release|Any CPU = Release|Any CPU
	EndGlobalSection
	GlobalSection(ProjectConfigurationPlatforms) = postSolution
		{B462F935-32E1-499C-9814-FC87744CE390}.Debug|Any CPU.ActiveCfg = Debug|Any CPU
		{B462F935-32E1-499C-9814-FC87744CE390}.Debug|Any CPU.Build.0 = Debug|Any CPU
		{B462F935-32E1-499C-9814-FC87744CE390}.Release|Any CPU.ActiveCfg = Release|Any CPU
		{B462F935-32E1-499C-9814-FC87744CE390}.Release|Any CPU.Build.0 = Release|Any CPU
	EndGlobalSection
	GlobalSection(SolutionProperties) = preSolution
		HideSolutionNode = FALSE
	EndGlobalSection
	GlobalSection(ExtensibilityGlobals) = postSolution
		SolutionGuid = {1B08183F-8160-4510-9080-279BF82DF3A1}
	EndGlobalSection
EndGlobal
